
Microsoft Visual Studio Solution File, Format Version 12.00
# Visual Studio Version 16
VisualStudioVersion = 16.0.29318.209
MinimumVisualStudioVersion = 10.0.40219.1
Project("{F184B08F-C81C-45F6-A57F-5ABD9991F28F}") = "FuturePOS", "FuturePOS\FuturePOS.vbproj", "{A08A5B3C-20C3-4B81-B0E9-FC70578BEC41}"
EndProject
Global
	GlobalSection(SolutionConfigurationPlatforms) = preSolution
		Debug|Any CPU = Debug|Any CPU
		Release|Any CPU = Release|Any CPU
	EndGlobalSection
	GlobalSection(ProjectConfigurationPlatforms) = postSolution
		{A08A5B3C-20C3-4B81-B0E9-FC70578BEC41}.Debug|Any CPU.ActiveCfg = Debug|Any CPU
		{A08A5B3C-20C3-4B81-B0E9-FC70578BEC41}.Debug|Any CPU.Build.0 = Debug|Any CPU
		{A08A5B3C-20C3-4B81-B0E9-FC70578BEC41}.Release|Any CPU.ActiveCfg = Release|Any CPU
		{A08A5B3C-20C3-4B81-B0E9-FC70578BEC41}.Release|Any CPU.Build.0 = Release|Any CPU
	EndGlobalSection
	GlobalSection(SolutionProperties) = preSolution
		HideSolutionNode = FALSE
	EndGlobalSection
	GlobalSection(ExtensibilityGlobals) = postSolution
		SolutionGuid = {684B247F-44CC-4EFF-B2BF-6B68ECCE2A14}
	EndGlobalSection
EndGlobal
